Microsoft Visual Studio Solution File, Format Version 11.00
# Visual Studio 2008

Project("{67ACCF9E-24B3-9071-BC6F-AFB69E6DF4A6}") = "Tea Prototype", "Assembly-CSharp-firstpass.csproj", "{02DB43C9-A890-C325-677A-12E15767CA31}"
EndProject
Project("{67ACCF9E-24B3-9071-BC6F-AFB69E6DF4A6}") = "Tea Prototype", "Assembly-CSharp.csproj", "{DE9A519E-8583-A32B-5E8E-DBEBAFAF944F}"
EndProject
Project("{67ACCF9E-24B3-9071-BC6F-AFB69E6DF4A6}") = "Tea Prototype", "Assembly-CSharp-Editor.csproj", "{C2C48699-CFB5-BA41-A8A3-B7BBEAE7D8C3}"
EndProject
Global
	GlobalSection(SolutionConfigurationPlatforms) = preSolution
		Debug|Any CPU = Debug|Any CPU
		Release|Any CPU = Release|Any CPU
	EndGlobalSection
	GlobalSection(ProjectConfigurationPlatforms) = postSolution
		{02DB43C9-A890-C325-677A-12E15767CA31}.Debug|Any CPU.ActiveCfg = Debug|Any CPU
		{02DB43C9-A890-C325-677A-12E15767CA31}.Debug|Any CPU.Build.0 = Debug|Any CPU
		{02DB43C9-A890-C325-677A-12E15767CA31}.Release|Any CPU.ActiveCfg = Release|Any CPU
		{02DB43C9-A890-C325-677A-12E15767CA31}.Release|Any CPU.Build.0 = Release|Any CPU
		{DE9A519E-8583-A32B-5E8E-DBEBAFAF944F}.Debug|Any CPU.ActiveCfg = Debug|Any CPU
		{DE9A519E-8583-A32B-5E8E-DBEBAFAF944F}.Debug|Any CPU.Build.0 = Debug|Any CPU
		{DE9A519E-8583-A32B-5E8E-DBEBAFAF944F}.Release|Any CPU.ActiveCfg = Release|Any CPU
		{DE9A519E-8583-A32B-5E8E-DBEBAFAF944F}.Release|Any CPU.Build.0 = Release|Any CPU
		{C2C48699-CFB5-BA41-A8A3-B7BBEAE7D8C3}.Debug|Any CPU.ActiveCfg = Debug|Any CPU
		{C2C48699-CFB5-BA41-A8A3-B7BBEAE7D8C3}.Debug|Any CPU.Build.0 = Debug|Any CPU
		{C2C48699-CFB5-BA41-A8A3-B7BBEAE7D8C3}.Release|Any CPU.ActiveCfg = Release|Any CPU
		{C2C48699-CFB5-BA41-A8A3-B7BBEAE7D8C3}.Release|Any CPU.Build.0 = Release|Any CPU
	EndGlobalSection
	GlobalSection(SolutionProperties) = preSolution
		HideSolutionNode = FALSE
	EndGlobalSection
	GlobalSection(MonoDevelopProperties) = preSolution
		StartupItem = Assembly-CSharp.csproj
	EndGlobalSection
EndGlobal
